
Microsoft Visual Studio Solution File, Format Version 12.00
# Visual Studio Version 16
VisualStudioVersion = 16.0.809.0
MinimumVisualStudioVersion = 10.0.40219.1
Project("{FAE04EC0-301F-11D3-BF4B-00C04F79EFBC}") = "Day11", "Day11\Day11.csproj", "{4417B657-5892-4974-8775-48FAB15C68B5}"
EndProject
Global
	GlobalSection(SolutionConfigurationPlatforms) = preSolution
		Debug|Any CPU = Debug|Any CPU
		Release|Any CPU = Release|Any CPU
	EndGlobalSection
	GlobalSection(ProjectConfigurationPlatforms) = postSolution
		{4417B657-5892-4974-8775-48FAB15C68B5}.Debug|Any CPU.ActiveCfg = Debug|Any CPU
		{4417B657-5892-4974-8775-48FAB15C68B5}.Debug|Any CPU.Build.0 = Debug|Any CPU
		{4417B657-5892-4974-8775-48FAB15C68B5}.Release|Any CPU.ActiveCfg = Release|Any CPU
		{4417B657-5892-4974-8775-48FAB15C68B5}.Release|Any CPU.Build.0 = Release|Any CPU
	EndGlobalSection
	GlobalSection(SolutionProperties) = preSolution
		HideSolutionNode = FALSE
	EndGlobalSection
	GlobalSection(ExtensibilityGlobals) = postSolution
		SolutionGuid = {25B5F635-49A0-49EE-911B-A2B3064FC0E8}
	EndGlobalSection
EndGlobal
