
Microsoft Visual Studio Solution File, Format Version 12.00
# Visual Studio Version 16
VisualStudioVersion = 16.0.809.0
MinimumVisualStudioVersion = 10.0.40219.1
Project("{FAE04EC0-301F-11D3-BF4B-00C04F79EFBC}") = "Day7", "Day7\Day7.csproj", "{9E9C2E38-12EA-46C9-8DF9-E55B6242ABBE}"
EndProject
Global
	GlobalSection(SolutionConfigurationPlatforms) = preSolution
		Debug|Any CPU = Debug|Any CPU
		Release|Any CPU = Release|Any CPU
	EndGlobalSection
	GlobalSection(ProjectConfigurationPlatforms) = postSolution
		{9E9C2E38-12EA-46C9-8DF9-E55B6242ABBE}.Debug|Any CPU.ActiveCfg = Debug|Any CPU
		{9E9C2E38-12EA-46C9-8DF9-E55B6242ABBE}.Debug|Any CPU.Build.0 = Debug|Any CPU
		{9E9C2E38-12EA-46C9-8DF9-E55B6242ABBE}.Release|Any CPU.ActiveCfg = Release|Any CPU
		{9E9C2E38-12EA-46C9-8DF9-E55B6242ABBE}.Release|Any CPU.Build.0 = Release|Any CPU
	EndGlobalSection
	GlobalSection(SolutionProperties) = preSolution
		HideSolutionNode = FALSE
	EndGlobalSection
	GlobalSection(ExtensibilityGlobals) = postSolution
		SolutionGuid = {E14B0011-16FB-49F1-B470-0278AD57D4AE}
	EndGlobalSection
EndGlobal
