
Microsoft Visual Studio Solution File, Format Version 12.00
# Visual Studio Version 16
VisualStudioVersion = 16.0.808.0
MinimumVisualStudioVersion = 10.0.40219.1
Project("{FAE04EC0-301F-11D3-BF4B-00C04F79EFBC}") = "Day3", "Day3\Day3.csproj", "{A373E51E-F3F5-4684-9496-DF2A03220A9A}"
EndProject
Global
	GlobalSection(SolutionConfigurationPlatforms) = preSolution
		Debug|Any CPU = Debug|Any CPU
		Release|Any CPU = Release|Any CPU
	EndGlobalSection
	GlobalSection(ProjectConfigurationPlatforms) = postSolution
		{A373E51E-F3F5-4684-9496-DF2A03220A9A}.Debug|Any CPU.ActiveCfg = Debug|Any CPU
		{A373E51E-F3F5-4684-9496-DF2A03220A9A}.Debug|Any CPU.Build.0 = Debug|Any CPU
		{A373E51E-F3F5-4684-9496-DF2A03220A9A}.Release|Any CPU.ActiveCfg = Release|Any CPU
		{A373E51E-F3F5-4684-9496-DF2A03220A9A}.Release|Any CPU.Build.0 = Release|Any CPU
	EndGlobalSection
	GlobalSection(SolutionProperties) = preSolution
		HideSolutionNode = FALSE
	EndGlobalSection
	GlobalSection(ExtensibilityGlobals) = postSolution
		SolutionGuid = {249833C7-0D3E-4A6C-A83A-8F5FD2F47F23}
	EndGlobalSection
EndGlobal
