
Microsoft Visual Studio Solution File, Format Version 12.00
# Visual Studio Version 16
VisualStudioVersion = 16.0.809.0
MinimumVisualStudioVersion = 10.0.40219.1
Project("{FAE04EC0-301F-11D3-BF4B-00C04F79EFBC}") = "Day15", "Day15\Day15.csproj", "{2294E4BB-B780-434D-80F6-5F0B8E9EBD17}"
EndProject
Global
	GlobalSection(SolutionConfigurationPlatforms) = preSolution
		Debug|Any CPU = Debug|Any CPU
		Release|Any CPU = Release|Any CPU
	EndGlobalSection
	GlobalSection(ProjectConfigurationPlatforms) = postSolution
		{2294E4BB-B780-434D-80F6-5F0B8E9EBD17}.Debug|Any CPU.ActiveCfg = Debug|Any CPU
		{2294E4BB-B780-434D-80F6-5F0B8E9EBD17}.Debug|Any CPU.Build.0 = Debug|Any CPU
		{2294E4BB-B780-434D-80F6-5F0B8E9EBD17}.Release|Any CPU.ActiveCfg = Release|Any CPU
		{2294E4BB-B780-434D-80F6-5F0B8E9EBD17}.Release|Any CPU.Build.0 = Release|Any CPU
	EndGlobalSection
	GlobalSection(SolutionProperties) = preSolution
		HideSolutionNode = FALSE
	EndGlobalSection
	GlobalSection(ExtensibilityGlobals) = postSolution
		SolutionGuid = {160C2D10-D66E-4DB9-84F2-08EE8DFEEA5F}
	EndGlobalSection
EndGlobal
