
Microsoft Visual Studio Solution File, Format Version 12.00
# Visual Studio Version 16
VisualStudioVersion = 16.0.809.0
MinimumVisualStudioVersion = 10.0.40219.1
Project("{FAE04EC0-301F-11D3-BF4B-00C04F79EFBC}") = "Day6", "Day6\Day6.csproj", "{D2EC3CAC-32B6-4757-9ACA-4BCB63C43E2F}"
EndProject
Global
	GlobalSection(SolutionConfigurationPlatforms) = preSolution
		Debug|Any CPU = Debug|Any CPU
		Release|Any CPU = Release|Any CPU
	EndGlobalSection
	GlobalSection(ProjectConfigurationPlatforms) = postSolution
		{D2EC3CAC-32B6-4757-9ACA-4BCB63C43E2F}.Debug|Any CPU.ActiveCfg = Debug|Any CPU
		{D2EC3CAC-32B6-4757-9ACA-4BCB63C43E2F}.Debug|Any CPU.Build.0 = Debug|Any CPU
		{D2EC3CAC-32B6-4757-9ACA-4BCB63C43E2F}.Release|Any CPU.ActiveCfg = Release|Any CPU
		{D2EC3CAC-32B6-4757-9ACA-4BCB63C43E2F}.Release|Any CPU.Build.0 = Release|Any CPU
	EndGlobalSection
	GlobalSection(SolutionProperties) = preSolution
		HideSolutionNode = FALSE
	EndGlobalSection
	GlobalSection(ExtensibilityGlobals) = postSolution
		SolutionGuid = {39A82C54-03FE-4DBA-866B-ED54E87412E7}
	EndGlobalSection
EndGlobal
