
Microsoft Visual Studio Solution File, Format Version 12.00
# Visual Studio Version 16
VisualStudioVersion = 16.0.809.0
MinimumVisualStudioVersion = 10.0.40219.1
Project("{FAE04EC0-301F-11D3-BF4B-00C04F79EFBC}") = "Day03", "Day03\Day03.csproj", "{863822E4-8CED-4008-90EB-6B07C3C87611}"
EndProject
Global
	GlobalSection(SolutionConfigurationPlatforms) = preSolution
		Debug|Any CPU = Debug|Any CPU
		Release|Any CPU = Release|Any CPU
	EndGlobalSection
	GlobalSection(ProjectConfigurationPlatforms) = postSolution
		{863822E4-8CED-4008-90EB-6B07C3C87611}.Debug|Any CPU.ActiveCfg = Debug|Any CPU
		{863822E4-8CED-4008-90EB-6B07C3C87611}.Debug|Any CPU.Build.0 = Debug|Any CPU
		{863822E4-8CED-4008-90EB-6B07C3C87611}.Release|Any CPU.ActiveCfg = Release|Any CPU
		{863822E4-8CED-4008-90EB-6B07C3C87611}.Release|Any CPU.Build.0 = Release|Any CPU
	EndGlobalSection
	GlobalSection(SolutionProperties) = preSolution
		HideSolutionNode = FALSE
	EndGlobalSection
	GlobalSection(ExtensibilityGlobals) = postSolution
		SolutionGuid = {402DA2C5-AC69-4F88-A12B-46FCEF5246B5}
	EndGlobalSection
EndGlobal
